
Microsoft Visual Studio Solution File, Format Version 12.00
# Visual Studio Version 17
VisualStudioVersion = 17.13.35828.75 d17.13
MinimumVisualStudioVersion = 10.0.40219.1
Project("{FAE04EC0-301F-11D3-BF4B-00C04F79EFBC}") = "proyectoU", "proyectoU\proyectoU.csproj", "{05D0E789-2BD1-445A-93E5-54D31A892D9E}"
EndProject
Global
	GlobalSection(SolutionConfigurationPlatforms) = preSolution
		Debug|Any CPU = Debug|Any CPU
		Release|Any CPU = Release|Any CPU
	EndGlobalSection
	GlobalSection(ProjectConfigurationPlatforms) = postSolution
		{05D0E789-2BD1-445A-93E5-54D31A892D9E}.Debug|Any CPU.ActiveCfg = Debug|Any CPU
		{05D0E789-2BD1-445A-93E5-54D31A892D9E}.Debug|Any CPU.Build.0 = Debug|Any CPU
		{05D0E789-2BD1-445A-93E5-54D31A892D9E}.Release|Any CPU.ActiveCfg = Release|Any CPU
		{05D0E789-2BD1-445A-93E5-54D31A892D9E}.Release|Any CPU.Build.0 = Release|Any CPU
	EndGlobalSection
	GlobalSection(SolutionProperties) = preSolution
		HideSolutionNode = FALSE
	EndGlobalSection
	GlobalSection(ExtensibilityGlobals) = postSolution
		SolutionGuid = {484CB6C8-150C-4A28-981B-5D0A00B5487C}
	EndGlobalSection
EndGlobal
